
Microsoft Visual Studio Solution File, Format Version 12.00
# Visual Studio Version 16
VisualStudioVersion = 16.0.34031.81
MinimumVisualStudioVersion = 10.0.40219.1
Project("{2150E333-8FDC-42A3-9474-1A3956D46DE8}") = "Task0", "Task0", "{F8E34119-0E93-4BD8-B1BB-4425409FA3DC}"
EndProject
Project("{FAE04EC0-301F-11D3-BF4B-00C04F79EFBC}") = "Tyuiu.SorokinAD.Sprint0.Task0.V0", "Tyuiu.SorokinAD.Sprint0.Task0.V0\Tyuiu.SorokinAD.Sprint0.Task0.V0.csproj", "{1DF3C817-EA8B-4936-81EF-0AD6CCC9FB22}"
EndProject
Project("{2150E333-8FDC-42A3-9474-1A3956D46DE8}") = "Task1", "Task1", "{729C2DE2-04C7-4928-82DB-EF72C5F1249F}"
EndProject
Project("{FAE04EC0-301F-11D3-BF4B-00C04F79EFBC}") = "Tyuiu.SorokinAD.Sprint0.Task1.V0", "Tyuiu.SorokinAD.Sprint0.Task1.V0\Tyuiu.SorokinAD.Sprint0.Task1.V0.csproj", "{74C4F86D-E63C-47B3-BAE5-D3E72E615F2E}"
EndProject
Project("{2150E333-8FDC-42A3-9474-1A3956D46DE8}") = "Task2", "Task2", "{CDA7880F-244A-4135-8C77-00E5B61EC0A4}"
EndProject
Project("{FAE04EC0-301F-11D3-BF4B-00C04F79EFBC}") = "Tyuiu.SorokinAD.Sprint0.Task2.V0", "Tyuiu.SorokinAD.Sprint0.Task2.V0\Tyuiu.SorokinAD.Sprint0.Task2.V0.csproj", "{614E278B-18FF-4090-9A2F-3FBF52160234}"
EndProject
Project("{FAE04EC0-301F-11D3-BF4B-00C04F79EFBC}") = "Tyuiu.SorokinAD.Sprint0.Task2.V0.Lib", "Tyuiu.SorokinAD.Sprint0.Task2.V0.Lib\Tyuiu.SorokinAD.Sprint0.Task2.V0.Lib.csproj", "{734C43F1-3DDA-41EE-89DF-1FF5D14BF7A5}"
EndProject
Project("{FAE04EC0-301F-11D3-BF4B-00C04F79EFBC}") = "Tyuiu.SorokinAD.Sprint0.Task2.V0.Test", "Tyuiu.SorokinAD.Sprint0.Task2.V0.Test\Tyuiu.SorokinAD.Sprint0.Task2.V0.Test.csproj", "{2BF2A11C-638F-4417-B740-AB52B590AF2F}"
EndProject
Project("{2150E333-8FDC-42A3-9474-1A3956D46DE8}") = "Task3", "Task3", "{E8784195-8050-445C-A2F8-E812D3247438}"
EndProject
Project("{FAE04EC0-301F-11D3-BF4B-00C04F79EFBC}") = "Tyuiu.SorokinAD.Sprint0.Task3.V0", "Tyuiu.SorokinAD.Sprint0.Task3.V0\Tyuiu.SorokinAD.Sprint0.Task3.V0.csproj", "{BA018A44-D3E7-4C6E-A358-37DA05398CC0}"
EndProject
Project("{FAE04EC0-301F-11D3-BF4B-00C04F79EFBC}") = "Tyuiu.SorokinAD.Sprint0.Task3.V0.Test", "Tyuiu.SorokinAD.Sprint0.Task3.V0.Test\Tyuiu.SorokinAD.Sprint0.Task3.V0.Test.csproj", "{CA4B2C31-A0AB-48E6-BE02-2E210B697065}"
EndProject
Project("{FAE04EC0-301F-11D3-BF4B-00C04F79EFBC}") = "Tyuiu.SorokinAD.Sprint0.Task3.V0.Lib", "Tyuiu.SorokinAD.Sprint0.Task3.V0.Lib\Tyuiu.SorokinAD.Sprint0.Task3.V0.Lib.csproj", "{FC37A072-8748-4B31-A740-136CA869015B}"
EndProject
Project("{2150E333-8FDC-42A3-9474-1A3956D46DE8}") = "Task4", "Task4", "{94468DE0-33DA-462B-B780-CFE816E7B1C4}"
EndProject
Project("{FAE04EC0-301F-11D3-BF4B-00C04F79EFBC}") = "Tyuiu.SorokinAD.Sprint0.Task4.V0.Lib", "Tyuiu.SorokinAD.Sprint0.Task4.V0.Lib\Tyuiu.SorokinAD.Sprint0.Task4.V0.Lib.csproj", "{D9E47205-18FF-436D-851C-6A3EC40C0107}"
EndProject
Project("{FAE04EC0-301F-11D3-BF4B-00C04F79EFBC}") = "Tyuiu.SorokinAD.Sprint0.Task4.V0", "Tyuiu.SorokinAD.Sprint0.Task4.V0\Tyuiu.SorokinAD.Sprint0.Task4.V0.csproj", "{F56B7F44-3D80-4BA3-A4C7-4F8FB95923C6}"
EndProject
Project("{FAE04EC0-301F-11D3-BF4B-00C04F79EFBC}") = "Tyuiu.SorokinAD.Sprint0.Task4.V0.Test", "Tyuiu.SorokinAD.Sprint0.Task4.V0.Test\Tyuiu.SorokinAD.Sprint0.Task4.V0.Test.csproj", "{15A704F3-F03A-43C1-AB33-BA000563B75F}"
EndProject
Project("{2150E333-8FDC-42A3-9474-1A3956D46DE8}") = "Task5", "Task5", "{79A6C119-4DC2-4A63-AAB2-3611ADDD7F86}"
EndProject
Project("{FAE04EC0-301F-11D3-BF4B-00C04F79EFBC}") = "Tyuiu.SorokinAD.Sprint0.Task5.V0.Test", "Tyuiu.SorokinAD.Sprint0.Task5.V0.Test\Tyuiu.SorokinAD.Sprint0.Task5.V0.Test.csproj", "{B969339E-B8C0-4CB9-B57D-DFAE3A02BED9}"
EndProject
Project("{FAE04EC0-301F-11D3-BF4B-00C04F79EFBC}") = "Tyuiu.SorokinAD.Sprint0.Task5.V0.Lib", "Tyuiu.SorokinAD.Sprint0.Task5.V0.Lib\Tyuiu.SorokinAD.Sprint0.Task5.V0.Lib.csproj", "{494D4408-CD93-4054-B889-EF454518D5D2}"
EndProject
Project("{FAE04EC0-301F-11D3-BF4B-00C04F79EFBC}") = "Tyuiu.SorokinAD.Sprint0.Task5.V0", "Tyuiu.SorokinAD.Sprint0.Task5.V0\Tyuiu.SorokinAD.Sprint0.Task5.V0.csproj", "{8884A729-A3E2-4AC7-BC7F-D870A245048E}"
EndProject
Global
	GlobalSection(SolutionConfigurationPlatforms) = preSolution
		Debug|Any CPU = Debug|Any CPU
		Release|Any CPU = Release|Any CPU
	EndGlobalSection
	GlobalSection(ProjectConfigurationPlatforms) = postSolution
		{1DF3C817-EA8B-4936-81EF-0AD6CCC9FB22}.Debug|Any CPU.ActiveCfg = Debug|Any CPU
		{1DF3C817-EA8B-4936-81EF-0AD6CCC9FB22}.Debug|Any CPU.Build.0 = Debug|Any CPU
		{1DF3C817-EA8B-4936-81EF-0AD6CCC9FB22}.Release|Any CPU.ActiveCfg = Release|Any CPU
		{1DF3C817-EA8B-4936-81EF-0AD6CCC9FB22}.Release|Any CPU.Build.0 = Release|Any CPU
		{74C4F86D-E63C-47B3-BAE5-D3E72E615F2E}.Debug|Any CPU.ActiveCfg = Debug|Any CPU
		{74C4F86D-E63C-47B3-BAE5-D3E72E615F2E}.Debug|Any CPU.Build.0 = Debug|Any CPU
		{74C4F86D-E63C-47B3-BAE5-D3E72E615F2E}.Release|Any CPU.ActiveCfg = Release|Any CPU
		{74C4F86D-E63C-47B3-BAE5-D3E72E615F2E}.Release|Any CPU.Build.0 = Release|Any CPU
		{614E278B-18FF-4090-9A2F-3FBF52160234}.Debug|Any CPU.ActiveCfg = Debug|Any CPU
		{614E278B-18FF-4090-9A2F-3FBF52160234}.Debug|Any CPU.Build.0 = Debug|Any CPU
		{614E278B-18FF-4090-9A2F-3FBF52160234}.Release|Any CPU.ActiveCfg = Release|Any CPU
		{614E278B-18FF-4090-9A2F-3FBF52160234}.Release|Any CPU.Build.0 = Release|Any CPU
		{734C43F1-3DDA-41EE-89DF-1FF5D14BF7A5}.Debug|Any CPU.ActiveCfg = Debug|Any CPU
		{734C43F1-3DDA-41EE-89DF-1FF5D14BF7A5}.Debug|Any CPU.Build.0 = Debug|Any CPU
		{734C43F1-3DDA-41EE-89DF-1FF5D14BF7A5}.Release|Any CPU.ActiveCfg = Release|Any CPU
		{734C43F1-3DDA-41EE-89DF-1FF5D14BF7A5}.Release|Any CPU.Build.0 = Release|Any CPU
		{2BF2A11C-638F-4417-B740-AB52B590AF2F}.Debug|Any CPU.ActiveCfg = Debug|Any CPU
		{2BF2A11C-638F-4417-B740-AB52B590AF2F}.Debug|Any CPU.Build.0 = Debug|Any CPU
		{2BF2A11C-638F-4417-B740-AB52B590AF2F}.Release|Any CPU.ActiveCfg = Release|Any CPU
		{2BF2A11C-638F-4417-B740-AB52B590AF2F}.Release|Any CPU.Build.0 = Release|Any CPU
		{BA018A44-D3E7-4C6E-A358-37DA05398CC0}.Debug|Any CPU.ActiveCfg = Debug|Any CPU
		{BA018A44-D3E7-4C6E-A358-37DA05398CC0}.Debug|Any CPU.Build.0 = Debug|Any CPU
		{BA018A44-D3E7-4C6E-A358-37DA05398CC0}.Release|Any CPU.ActiveCfg = Release|Any CPU
		{BA018A44-D3E7-4C6E-A358-37DA05398CC0}.Release|Any CPU.Build.0 = Release|Any CPU
		{CA4B2C31-A0AB-48E6-BE02-2E210B697065}.Debug|Any CPU.ActiveCfg = Debug|Any CPU
		{CA4B2C31-A0AB-48E6-BE02-2E210B697065}.Debug|Any CPU.Build.0 = Debug|Any CPU
		{CA4B2C31-A0AB-48E6-BE02-2E210B697065}.Release|Any CPU.ActiveCfg = Release|Any CPU
		{CA4B2C31-A0AB-48E6-BE02-2E210B697065}.Release|Any CPU.Build.0 = Release|Any CPU
		{FC37A072-8748-4B31-A740-136CA869015B}.Debug|Any CPU.ActiveCfg = Debug|Any CPU
		{FC37A072-8748-4B31-A740-136CA869015B}.Debug|Any CPU.Build.0 = Debug|Any CPU
		{FC37A072-8748-4B31-A740-136CA869015B}.Release|Any CPU.ActiveCfg = Release|Any CPU
		{FC37A072-8748-4B31-A740-136CA869015B}.Release|Any CPU.Build.0 = Release|Any CPU
		{D9E47205-18FF-436D-851C-6A3EC40C0107}.Debug|Any CPU.ActiveCfg = Debug|Any CPU
		{D9E47205-18FF-436D-851C-6A3EC40C0107}.Debug|Any CPU.Build.0 = Debug|Any CPU
		{D9E47205-18FF-436D-851C-6A3EC40C0107}.Release|Any CPU.ActiveCfg = Release|Any CPU
		{D9E47205-18FF-436D-851C-6A3EC40C0107}.Release|Any CPU.Build.0 = Release|Any CPU
		{F56B7F44-3D80-4BA3-A4C7-4F8FB95923C6}.Debug|Any CPU.ActiveCfg = Debug|Any CPU
		{F56B7F44-3D80-4BA3-A4C7-4F8FB95923C6}.Debug|Any CPU.Build.0 = Debug|Any CPU
		{F56B7F44-3D80-4BA3-A4C7-4F8FB95923C6}.Release|Any CPU.ActiveCfg = Release|Any CPU
		{F56B7F44-3D80-4BA3-A4C7-4F8FB95923C6}.Release|Any CPU.Build.0 = Release|Any CPU
		{15A704F3-F03A-43C1-AB33-BA000563B75F}.Debug|Any CPU.ActiveCfg = Debug|Any CPU
		{15A704F3-F03A-43C1-AB33-BA000563B75F}.Debug|Any CPU.Build.0 = Debug|Any CPU
		{15A704F3-F03A-43C1-AB33-BA000563B75F}.Release|Any CPU.ActiveCfg = Release|Any CPU
		{15A704F3-F03A-43C1-AB33-BA000563B75F}.Release|Any CPU.Build.0 = Release|Any CPU
		{B969339E-B8C0-4CB9-B57D-DFAE3A02BED9}.Debug|Any CPU.ActiveCfg = Debug|Any CPU
		{B969339E-B8C0-4CB9-B57D-DFAE3A02BED9}.Debug|Any CPU.Build.0 = Debug|Any CPU
		{B969339E-B8C0-4CB9-B57D-DFAE3A02BED9}.Release|Any CPU.ActiveCfg = Release|Any CPU
		{B969339E-B8C0-4CB9-B57D-DFAE3A02BED9}.Release|Any CPU.Build.0 = Release|Any CPU
		{494D4408-CD93-4054-B889-EF454518D5D2}.Debug|Any CPU.ActiveCfg = Debug|Any CPU
		{494D4408-CD93-4054-B889-EF454518D5D2}.Debug|Any CPU.Build.0 = Debug|Any CPU
		{494D4408-CD93-4054-B889-EF454518D5D2}.Release|Any CPU.ActiveCfg = Release|Any CPU
		{494D4408-CD93-4054-B889-EF454518D5D2}.Release|Any CPU.Build.0 = Release|Any CPU
		{8884A729-A3E2-4AC7-BC7F-D870A245048E}.Debug|Any CPU.ActiveCfg = Debug|Any CPU
		{8884A729-A3E2-4AC7-BC7F-D870A245048E}.Debug|Any CPU.Build.0 = Debug|Any CPU
		{8884A729-A3E2-4AC7-BC7F-D870A245048E}.Release|Any CPU.ActiveCfg = Release|Any CPU
		{8884A729-A3E2-4AC7-BC7F-D870A245048E}.Release|Any CPU.Build.0 = Release|Any CPU
	EndGlobalSection
	GlobalSection(SolutionProperties) = preSolution
		HideSolutionNode = FALSE
	EndGlobalSection
	GlobalSection(NestedProjects) = preSolution
		{1DF3C817-EA8B-4936-81EF-0AD6CCC9FB22} = {F8E34119-0E93-4BD8-B1BB-4425409FA3DC}
		{74C4F86D-E63C-47B3-BAE5-D3E72E615F2E} = {729C2DE2-04C7-4928-82DB-EF72C5F1249F}
		{614E278B-18FF-4090-9A2F-3FBF52160234} = {CDA7880F-244A-4135-8C77-00E5B61EC0A4}
		{734C43F1-3DDA-41EE-89DF-1FF5D14BF7A5} = {CDA7880F-244A-4135-8C77-00E5B61EC0A4}
		{2BF2A11C-638F-4417-B740-AB52B590AF2F} = {CDA7880F-244A-4135-8C77-00E5B61EC0A4}
		{BA018A44-D3E7-4C6E-A358-37DA05398CC0} = {E8784195-8050-445C-A2F8-E812D3247438}
		{CA4B2C31-A0AB-48E6-BE02-2E210B697065} = {E8784195-8050-445C-A2F8-E812D3247438}
		{FC37A072-8748-4B31-A740-136CA869015B} = {E8784195-8050-445C-A2F8-E812D3247438}
		{D9E47205-18FF-436D-851C-6A3EC40C0107} = {94468DE0-33DA-462B-B780-CFE816E7B1C4}
		{F56B7F44-3D80-4BA3-A4C7-4F8FB95923C6} = {94468DE0-33DA-462B-B780-CFE816E7B1C4}
		{15A704F3-F03A-43C1-AB33-BA000563B75F} = {94468DE0-33DA-462B-B780-CFE816E7B1C4}
		{B969339E-B8C0-4CB9-B57D-DFAE3A02BED9} = {79A6C119-4DC2-4A63-AAB2-3611ADDD7F86}
		{494D4408-CD93-4054-B889-EF454518D5D2} = {79A6C119-4DC2-4A63-AAB2-3611ADDD7F86}
		{8884A729-A3E2-4AC7-BC7F-D870A245048E} = {79A6C119-4DC2-4A63-AAB2-3611ADDD7F86}
	EndGlobalSection
	GlobalSection(ExtensibilityGlobals) = postSolution
		SolutionGuid = {FDE2EFE0-28AE-4767-8689-6C77E36EB7F4}
	EndGlobalSection
EndGlobal
